// !$*UTF8*$!
{
	archiveVersion = 1;
	classes = {
	};
	objectVersion = 77;
	objects = {

/* Begin PBXBuildFile section */
		71F09F462E5FE8E70086B5C3 /* ReportsWatchApp Watch App.app in Embed Watch Content */ = {isa = PBXBuildFile; fileRef = 71F09F262E5FE8E50086B5C3 /* ReportsWatchApp Watch App.app */; settings = {ATTRIBUTES = (RemoveHeadersOnCopy, ); }; };
/* End PBXBuildFile section */

/* Begin PBXContainerItemProxy section */
		71861BAF2E5E2EEB00F5F133 /* PBXContainerItemProxy */ = {
			isa = PBXContainerItemProxy;
			containerPortal = 71861B992E5E2EEA00F5F133 /* Project object */;
			proxyType = 1;
			remoteGlobalIDString = 71861BA02E5E2EEA00F5F133;
			remoteInfo = ReportsApp;
		};
		71861BB92E5E2EEB00F5F133 /* PBXContainerItemProxy */ = {
			isa = PBXContainerItemProxy;
			containerPortal = 71861B992E5E2EEA00F5F133 /* Project object */;
			proxyType = 1;
			remoteGlobalIDString = 71861BA02E5E2EEA00F5F133;
			remoteInfo = ReportsApp;
		};
		71F09F332E5FE8E70086B5C3 /* PBXContainerItemProxy */ = {
			isa = PBXContainerItemProxy;
			containerPortal = 71861B992E5E2EEA00F5F133 /* Project object */;
			proxyType = 1;
			remoteGlobalIDString = 71F09F252E5FE8E50086B5C3;
			remoteInfo = "ReportsWatchApp Watch App";
		};
		71F09F3D2E5FE8E70086B5C3 /* PBXContainerItemProxy */ = {
			isa = PBXContainerItemProxy;
			containerPortal = 71861B992E5E2EEA00F5F133 /* Project object */;
			proxyType = 1;
			remoteGlobalIDString = 71F09F252E5FE8E50086B5C3;
			remoteInfo = "ReportsWatchApp Watch App";
		};
		71F09F442E5FE8E70086B5C3 /* PBXContainerItemProxy */ = {
			isa = PBXContainerItemProxy;
			containerPortal = 71861B992E5E2EEA00F5F133 /* Project object */;
			proxyType = 1;
			remoteGlobalIDString = 71F09F252E5FE8E50086B5C3;
			remoteInfo = "ReportsWatchApp Watch App";
		};
/* End PBXContainerItemProxy section */

/* Begin PBXCopyFilesBuildPhase section */
		71F09F4A2E5FE8E70086B5C3 /* Embed Watch Content */ = {
			isa = PBXCopyFilesBuildPhase;
			buildActionMask = 2147483647;
			dstPath = "$(CONTENTS_FOLDER_PATH)/Watch";
			dstSubfolderSpec = 16;
			files = (
				71F09F462E5FE8E70086B5C3 /* ReportsWatchApp Watch App.app in Embed Watch Content */,
			);
			name = "Embed Watch Content";
			runOnlyForDeploymentPostprocessing = 0;
		};
/* End PBXCopyFilesBuildPhase section */

/* Begin PBXFileReference section */
		71861BA12E5E2EEA00F5F133 /* ReportsApp.app */ = {isa = PBXFileReference; explicitFileType = wrapper.application; includeInIndex = 0; path = ReportsApp.app; sourceTree = BUILT_PRODUCTS_DIR; };
		71861BAE2E5E2EEB00F5F133 /* ReportsAppTests.xctest */ = {isa = PBXFileReference; explicitFileType = wrapper.cfbundle; includeInIndex = 0; path = ReportsAppTests.xctest; sourceTree = BUILT_PRODUCTS_DIR; };
		71861BB82E5E2EEB00F5F133 /* ReportsAppUITests.xctest */ = {isa = PBXFileReference; explicitFileType = wrapper.cfbundle; includeInIndex = 0; path = ReportsAppUITests.xctest; sourceTree = BUILT_PRODUCTS_DIR; };
		71F09F262E5FE8E50086B5C3 /* ReportsWatchApp Watch App.app */ = {isa = PBXFileReference; explicitFileType = wrapper.application; includeInIndex = 0; path = "ReportsWatchApp Watch App.app"; sourceTree = BUILT_PRODUCTS_DIR; };
		71F09F322E5FE8E70086B5C3 /* ReportsWatchApp Watch AppTests.xctest */ = {isa = PBXFileReference; explicitFileType = wrapper.cfbundle; includeInIndex = 0; path = "ReportsWatchApp Watch AppTests.xctest"; sourceTree = BUILT_PRODUCTS_DIR; };
		71F09F3C2E5FE8E70086B5C3 /* ReportsWatchApp Watch AppUITests.xctest */ = {isa = PBXFileReference; explicitFileType = wrapper.cfbundle; includeInIndex = 0; path = "ReportsWatchApp Watch AppUITests.xctest"; sourceTree = BUILT_PRODUCTS_DIR; };
/* End PBXFileReference section */

/* Begin PBXFileSystemSynchronizedBuildFileExceptionSet section */
		71F09F522E5FE99A0086B5C3 /* Exceptions for "ReportsApp" folder in "ReportsWatchApp Watch App" target */ = {
			isa = PBXFileSystemSynchronizedBuildFileExceptionSet;
			membershipExceptions = (
				Models/Geo.swift,
				Models/MonthlyVM.swift,
				Models/Report.swift,
				Models/ReportDate.swift,
				Models/ReportSummary.swift,
				Networking/APIService.swift,
				Views/WatchHomeView.swift,
				Views/WatchSettingsView.swift,
			);
			target = 71F09F252E5FE8E50086B5C3 /* ReportsWatchApp Watch App */;
		};
		71F09F602E5FEC130086B5C3 /* Exceptions for "ReportsApp" folder in "ReportsApp" target */ = {
			isa = PBXFileSystemSynchronizedBuildFileExceptionSet;
			membershipExceptions = (
				Models/MonthlyVM.swift,
				Views/WatchHomeView.swift,
				Views/WatchSettingsView.swift,
			);
			target = 71861BA02E5E2EEA00F5F133 /* ReportsApp */;
		};
/* End PBXFileSystemSynchronizedBuildFileExceptionSet section */

/* Begin PBXFileSystemSynchronizedRootGroup section */
		71861BA32E5E2EEA00F5F133 /* ReportsApp */ = {
			isa = PBXFileSystemSynchronizedRootGroup;
			exceptions = (
				71F09F602E5FEC130086B5C3 /* Exceptions for "ReportsApp" folder in "ReportsApp" target */,
				71F09F522E5FE99A0086B5C3 /* Exceptions for "ReportsApp" folder in "ReportsWatchApp Watch App" target */,
			);
			path = ReportsApp;
			sourceTree = "<group>";
		};
		71861BB12E5E2EEB00F5F133 /* ReportsAppTests */ = {
			isa = PBXFileSystemSynchronizedRootGroup;
			path = ReportsAppTests;
			sourceTree = "<group>";
		};
		71861BBB2E5E2EEB00F5F133 /* ReportsAppUITests */ = {
			isa = PBXFileSystemSynchronizedRootGroup;
			path = ReportsAppUITests;
			sourceTree = "<group>";
		};
		71F09F272E5FE8E50086B5C3 /* ReportsWatchApp Watch App */ = {
			isa = PBXFileSystemSynchronizedRootGroup;
			path = "ReportsWatchApp Watch App";
			sourceTree = "<group>";
		};
		71F09F352E5FE8E70086B5C3 /* ReportsWatchApp Watch AppTests */ = {
			isa = PBXFileSystemSynchronizedRootGroup;
			path = "ReportsWatchApp Watch AppTests";
			sourceTree = "<group>";
		};
		71F09F3F2E5FE8E70086B5C3 /* ReportsWatchApp Watch AppUITests */ = {
			isa = PBXFileSystemSynchronizedRootGroup;
			path = "ReportsWatchApp Watch AppUITests";
			sourceTree = "<group>";
		};
/* End PBXFileSystemSynchronizedRootGroup section */

/* Begin PBXFrameworksBuildPhase section */
		71861B9E2E5E2EEA00F5F133 /* Frameworks */ = {
			isa = PBXFrameworksBuildPhase;
			buildActionMask = 2147483647;
			files = (
			);
			runOnlyForDeploymentPostprocessing = 0;
		};
		71861BAB2E5E2EEB00F5F133 /* Frameworks */ = {
			isa = PBXFrameworksBuildPhase;
			buildActionMask = 2147483647;
			files = (
			);
			runOnlyForDeploymentPostprocessing = 0;
		};
		71861BB52E5E2EEB00F5F133 /* Frameworks */ = {
			isa = PBXFrameworksBuildPhase;
			buildActionMask = 2147483647;
			files = (
			);
			runOnlyForDeploymentPostprocessing = 0;
		};
		71F09F232E5FE8E50086B5C3 /* Frameworks */ = {
			isa = PBXFrameworksBuildPhase;
			buildActionMask = 2147483647;
			files = (
			);
			runOnlyForDeploymentPostprocessing = 0;
		};
		71F09F2F2E5FE8E70086B5C3 /* Frameworks */ = {
			isa = PBXFrameworksBuildPhase;
			buildActionMask = 2147483647;
			files = (
			);
			runOnlyForDeploymentPostprocessing = 0;
		};
		71F09F392E5FE8E70086B5C3 /* Frameworks */ = {
			isa = PBXFrameworksBuildPhase;
			buildActionMask = 2147483647;
			files = (
			);
			runOnlyForDeploymentPostprocessing = 0;
		};
/* End PBXFrameworksBuildPhase section */

/* Begin PBXGroup section */
		71861B982E5E2EEA00F5F133 = {
			isa = PBXGroup;
			children = (
				71861BA32E5E2EEA00F5F133 /* ReportsApp */,
				71861BB12E5E2EEB00F5F133 /* ReportsAppTests */,
				71861BBB2E5E2EEB00F5F133 /* ReportsAppUITests */,
				71F09F272E5FE8E50086B5C3 /* ReportsWatchApp Watch App */,
				71F09F352E5FE8E70086B5C3 /* ReportsWatchApp Watch AppTests */,
				71F09F3F2E5FE8E70086B5C3 /* ReportsWatchApp Watch AppUITests */,
				71861BA22E5E2EEA00F5F133 /* Products */,
			);
			sourceTree = "<group>";
		};
		71861BA22E5E2EEA00F5F133 /* Products */ = {
			isa = PBXGroup;
			children = (
				71861BA12E5E2EEA00F5F133 /* ReportsApp.app */,
				71861BAE2E5E2EEB00F5F133 /* ReportsAppTests.xctest */,
				71861BB82E5E2EEB00F5F133 /* ReportsAppUITests.xctest */,
				71F09F262E5FE8E50086B5C3 /* ReportsWatchApp Watch App.app */,
				71F09F322E5FE8E70086B5C3 /* ReportsWatchApp Watch AppTests.xctest */,
				71F09F3C2E5FE8E70086B5C3 /* ReportsWatchApp Watch AppUITests.xctest */,
			);
			name = Products;
			sourceTree = "<group>";
		};
/* End PBXGroup section */

/* Begin PBXNativeTarget section */
		71861BA02E5E2EEA00F5F133 /* ReportsApp */ = {
			isa = PBXNativeTarget;
			buildConfigurationList = 71861BC22E5E2EEB00F5F133 /* Build configuration list for PBXNativeTarget "ReportsApp" */;
			buildPhases = (
				71861B9D2E5E2EEA00F5F133 /* Sources */,
				71861B9E2E5E2EEA00F5F133 /* Frameworks */,
				71861B9F2E5E2EEA00F5F133 /* Resources */,
				71F09F4A2E5FE8E70086B5C3 /* Embed Watch Content */,
			);
			buildRules = (
			);
			dependencies = (
				71F09F452E5FE8E70086B5C3 /* PBXTargetDependency */,
			);
			fileSystemSynchronizedGroups = (
				71861BA32E5E2EEA00F5F133 /* ReportsApp */,
			);
			name = ReportsApp;
			packageProductDependencies = (
			);
			productName = ReportsApp;
			productReference = 71861BA12E5E2EEA00F5F133 /* ReportsApp.app */;
			productType = "com.apple.product-type.application";
		};
		71861BAD2E5E2EEB00F5F133 /* ReportsAppTests */ = {
			isa = PBXNativeTarget;
			buildConfigurationList = 71861BC52E5E2EEB00F5F133 /* Build configuration list for PBXNativeTarget "ReportsAppTests" */;
			buildPhases = (
				71861BAA2E5E2EEB00F5F133 /* Sources */,
				71861BAB2E5E2EEB00F5F133 /* Frameworks */,
				71861BAC2E5E2EEB00F5F133 /* Resources */,
			);
			buildRules = (
			);
			dependencies = (
				71861BB02E5E2EEB00F5F133 /* PBXTargetDependency */,
			);
			fileSystemSynchronizedGroups = (
				71861BB12E5E2EEB00F5F133 /* ReportsAppTests */,
			);
			name = ReportsAppTests;
			packageProductDependencies = (
			);
			productName = ReportsAppTests;
			productReference = 71861BAE2E5E2EEB00F5F133 /* ReportsAppTests.xctest */;
			productType = "com.apple.product-type.bundle.unit-test";
		};
		71861BB72E5E2EEB00F5F133 /* ReportsAppUITests */ = {
			isa = PBXNativeTarget;
			buildConfigurationList = 71861BC82E5E2EEB00F5F133 /* Build configuration list for PBXNativeTarget "ReportsAppUITests" */;
			buildPhases = (
				71861BB42E5E2EEB00F5F133 /* Sources */,
				71861BB52E5E2EEB00F5F133 /* Frameworks */,
				71861BB62E5E2EEB00F5F133 /* Resources */,
			);
			buildRules = (
			);
			dependencies = (
				71861BBA2E5E2EEB00F5F133 /* PBXTargetDependency */,
			);
			fileSystemSynchronizedGroups = (
				71861BBB2E5E2EEB00F5F133 /* ReportsAppUITests */,
			);
			name = ReportsAppUITests;
			packageProductDependencies = (
			);
			productName = ReportsAppUITests;
			productReference = 71861BB82E5E2EEB00F5F133 /* ReportsAppUITests.xctest */;
			productType = "com.apple.product-type.bundle.ui-testing";
		};
		71F09F252E5FE8E50086B5C3 /* ReportsWatchApp Watch App */ = {
			isa = PBXNativeTarget;
			buildConfigurationList = 71F09F472E5FE8E70086B5C3 /* Build configuration list for PBXNativeTarget "ReportsWatchApp Watch App" */;
			buildPhases = (
				71F09F222E5FE8E50086B5C3 /* Sources */,
				71F09F232E5FE8E50086B5C3 /* Frameworks */,
				71F09F242E5FE8E50086B5C3 /* Resources */,
			);
			buildRules = (
			);
			dependencies = (
			);
			fileSystemSynchronizedGroups = (
				71F09F272E5FE8E50086B5C3 /* ReportsWatchApp Watch App */,
			);
			name = "ReportsWatchApp Watch App";
			packageProductDependencies = (
			);
			productName = "ReportsWatchApp Watch App";
			productReference = 71F09F262E5FE8E50086B5C3 /* ReportsWatchApp Watch App.app */;
			productType = "com.apple.product-type.application";
		};
		71F09F312E5FE8E70086B5C3 /* ReportsWatchApp Watch AppTests */ = {
			isa = PBXNativeTarget;
			buildConfigurationList = 71F09F4B2E5FE8E70086B5C3 /* Build configuration list for PBXNativeTarget "ReportsWatchApp Watch AppTests" */;
			buildPhases = (
				71F09F2E2E5FE8E70086B5C3 /* Sources */,
				71F09F2F2E5FE8E70086B5C3 /* Frameworks */,
				71F09F302E5FE8E70086B5C3 /* Resources */,
			);
			buildRules = (
			);
			dependencies = (
				71F09F342E5FE8E70086B5C3 /* PBXTargetDependency */,
			);
			fileSystemSynchronizedGroups = (
				71F09F352E5FE8E70086B5C3 /* ReportsWatchApp Watch AppTests */,
			);
			name = "ReportsWatchApp Watch AppTests";
			packageProductDependencies = (
			);
			productName = "ReportsWatchApp Watch AppTests";
			productReference = 71F09F322E5FE8E70086B5C3 /* ReportsWatchApp Watch AppTests.xctest */;
			productType = "com.apple.product-type.bundle.unit-test";
		};
		71F09F3B2E5FE8E70086B5C3 /* ReportsWatchApp Watch AppUITests */ = {
			isa = PBXNativeTarget;
			buildConfigurationList = 71F09F4E2E5FE8E70086B5C3 /* Build configuration list for PBXNativeTarget "ReportsWatchApp Watch AppUITests" */;
			buildPhases = (
				71F09F382E5FE8E70086B5C3 /* Sources */,
				71F09F392E5FE8E70086B5C3 /* Frameworks */,
				71F09F3A2E5FE8E70086B5C3 /* Resources */,
			);
			buildRules = (
			);
			dependencies = (
				71F09F3E2E5FE8E70086B5C3 /* PBXTargetDependency */,
			);
			fileSystemSynchronizedGroups = (
				71F09F3F2E5FE8E70086B5C3 /* ReportsWatchApp Watch AppUITests */,
			);
			name = "ReportsWatchApp Watch AppUITests";
			packageProductDependencies = (
			);
			productName = "ReportsWatchApp Watch AppUITests";
			productReference = 71F09F3C2E5FE8E70086B5C3 /* ReportsWatchApp Watch AppUITests.xctest */;
			productType = "com.apple.product-type.bundle.ui-testing";
		};
/* End PBXNativeTarget section */

/* Begin PBXProject section */
		71861B992E5E2EEA00F5F133 /* Project object */ = {
			isa = PBXProject;
			attributes = {
				BuildIndependentTargetsInParallel = 1;
				LastSwiftUpdateCheck = 1640;
				LastUpgradeCheck = 2600;
				TargetAttributes = {
					71861BA02E5E2EEA00F5F133 = {
						CreatedOnToolsVersion = 16.4;
					};
					71861BAD2E5E2EEB00F5F133 = {
						CreatedOnToolsVersion = 16.4;
						TestTargetID = 71861BA02E5E2EEA00F5F133;
					};
					71861BB72E5E2EEB00F5F133 = {
						CreatedOnToolsVersion = 16.4;
						TestTargetID = 71861BA02E5E2EEA00F5F133;
					};
					71F09F252E5FE8E50086B5C3 = {
						CreatedOnToolsVersion = 16.4;
					};
					71F09F312E5FE8E70086B5C3 = {
						CreatedOnToolsVersion = 16.4;
						TestTargetID = 71F09F252E5FE8E50086B5C3;
					};
					71F09F3B2E5FE8E70086B5C3 = {
						CreatedOnToolsVersion = 16.4;
						TestTargetID = 71F09F252E5FE8E50086B5C3;
					};
				};
			};
			buildConfigurationList = 71861B9C2E5E2EEA00F5F133 /* Build configuration list for PBXProject "ReportsApp" */;
			developmentRegion = en;
			hasScannedForEncodings = 0;
			knownRegions = (
				en,
				Base,
			);
			mainGroup = 71861B982E5E2EEA00F5F133;
			minimizedProjectReferenceProxies = 1;
			preferredProjectObjectVersion = 77;
			productRefGroup = 71861BA22E5E2EEA00F5F133 /* Products */;
			projectDirPath = "";
			projectRoot = "";
			targets = (
				71861BA02E5E2EEA00F5F133 /* ReportsApp */,
				71861BAD2E5E2EEB00F5F133 /* ReportsAppTests */,
				71861BB72E5E2EEB00F5F133 /* ReportsAppUITests */,
				71F09F252E5FE8E50086B5C3 /* ReportsWatchApp Watch App */,
				71F09F312E5FE8E70086B5C3 /* ReportsWatchApp Watch AppTests */,
				71F09F3B2E5FE8E70086B5C3 /* ReportsWatchApp Watch AppUITests */,
			);
		};
/* End PBXProject section */

/* Begin PBXResourcesBuildPhase section */
		71861B9F2E5E2EEA00F5F133 /* Resources */ = {
			isa = PBXResourcesBuildPhase;
			buildActionMask = 2147483647;
			files = (
			);
			runOnlyForDeploymentPostprocessing = 0;
		};
		71861BAC2E5E2EEB00F5F133 /* Resources */ = {
			isa = PBXResourcesBuildPhase;
			buildActionMask = 2147483647;
			files = (
			);
			runOnlyForDeploymentPostprocessing = 0;
		};
		71861BB62E5E2EEB00F5F133 /* Resources */ = {
			isa = PBXResourcesBuildPhase;
			buildActionMask = 2147483647;
			files = (
			);
			runOnlyForDeploymentPostprocessing = 0;
		};
		71F09F242E5FE8E50086B5C3 /* Resources */ = {
			isa = PBXResourcesBuildPhase;
			buildActionMask = 2147483647;
			files = (
			);
			runOnlyForDeploymentPostprocessing = 0;
		};
		71F09F302E5FE8E70086B5C3 /* Resources */ = {
			isa = PBXResourcesBuildPhase;
			buildActionMask = 2147483647;
			files = (
			);
			runOnlyForDeploymentPostprocessing = 0;
		};
		71F09F3A2E5FE8E70086B5C3 /* Resources */ = {
			isa = PBXResourcesBuildPhase;
			buildActionMask = 2147483647;
			files = (
			);
			runOnlyForDeploymentPostprocessing = 0;
		};
/* End PBXResourcesBuildPhase section */

/* Begin PBXSourcesBuildPhase section */
		71861B9D2E5E2EEA00F5F133 /* Sources */ = {
			isa = PBXSourcesBuildPhase;
			buildActionMask = 2147483647;
			files = (
			);
			runOnlyForDeploymentPostprocessing = 0;
		};
		71861BAA2E5E2EEB00F5F133 /* Sources */ = {
			isa = PBXSourcesBuildPhase;
			buildActionMask = 2147483647;
			files = (
			);
			runOnlyForDeploymentPostprocessing = 0;
		};
		71861BB42E5E2EEB00F5F133 /* Sources */ = {
			isa = PBXSourcesBuildPhase;
			buildActionMask = 2147483647;
			files = (
			);
			runOnlyForDeploymentPostprocessing = 0;
		};
		71F09F222E5FE8E50086B5C3 /* Sources */ = {
			isa = PBXSourcesBuildPhase;
			buildActionMask = 2147483647;
			files = (
			);
			runOnlyForDeploymentPostprocessing = 0;
		};
		71F09F2E2E5FE8E70086B5C3 /* Sources */ = {
			isa = PBXSourcesBuildPhase;
			buildActionMask = 2147483647;
			files = (
			);
			runOnlyForDeploymentPostprocessing = 0;
		};
		71F09F382E5FE8E70086B5C3 /* Sources */ = {
			isa = PBXSourcesBuildPhase;
			buildActionMask = 2147483647;
			files = (
			);
			runOnlyForDeploymentPostprocessing = 0;
		};
/* End PBXSourcesBuildPhase section */

/* Begin PBXTargetDependency section */
		71861BB02E5E2EEB00F5F133 /* PBXTargetDependency */ = {
			isa = PBXTargetDependency;
			target = 71861BA02E5E2EEA00F5F133 /* ReportsApp */;
			targetProxy = 71861BAF2E5E2EEB00F5F133 /* PBXContainerItemProxy */;
		};
		71861BBA2E5E2EEB00F5F133 /* PBXTargetDependency */ = {
			isa = PBXTargetDependency;
			target = 71861BA02E5E2EEA00F5F133 /* ReportsApp */;
			targetProxy = 71861BB92E5E2EEB00F5F133 /* PBXContainerItemProxy */;
		};
		71F09F342E5FE8E70086B5C3 /* PBXTargetDependency */ = {
			isa = PBXTargetDependency;
			target = 71F09F252E5FE8E50086B5C3 /* ReportsWatchApp Watch App */;
			targetProxy = 71F09F332E5FE8E70086B5C3 /* PBXContainerItemProxy */;
		};
		71F09F3E2E5FE8E70086B5C3 /* PBXTargetDependency */ = {
			isa = PBXTargetDependency;
			target = 71F09F252E5FE8E50086B5C3 /* ReportsWatchApp Watch App */;
			targetProxy = 71F09F3D2E5FE8E70086B5C3 /* PBXContainerItemProxy */;
		};
		71F09F452E5FE8E70086B5C3 /* PBXTargetDependency */ = {
			isa = PBXTargetDependency;
			target = 71F09F252E5FE8E50086B5C3 /* ReportsWatchApp Watch App */;
			targetProxy = 71F09F442E5FE8E70086B5C3 /* PBXContainerItemProxy */;
		};
/* End PBXTargetDependency section */

/* Begin XCBuildConfiguration section */
		71861BC02E5E2EEB00F5F133 /* Debug */ = {
			isa = XCBuildConfiguration;
			buildSettings = {
				ALWAYS_SEARCH_USER_PATHS = NO;
				ASSETCATALOG_COMPILER_GENERATE_SWIFT_ASSET_SYMBOL_EXTENSIONS = YES;
				CLANG_ANALYZER_NONNULL = YES;
				CLANG_ANALYZER_NUMBER_OBJECT_CONVERSION = YES_AGGRESSIVE;
				CLANG_CXX_LANGUAGE_STANDARD = "gnu++20";
				CLANG_ENABLE_MODULES = YES;
				CLANG_ENABLE_OBJC_ARC = YES;
				CLANG_ENABLE_OBJC_WEAK = YES;
				CLANG_WARN_BLOCK_CAPTURE_AUTORELEASING = YES;
				CLANG_WARN_BOOL_CONVERSION = YES;
				CLANG_WARN_COMMA = YES;
				CLANG_WARN_CONSTANT_CONVERSION = YES;
				CLANG_WARN_DEPRECATED_OBJC_IMPLEMENTATIONS = YES;
				CLANG_WARN_DIRECT_OBJC_ISA_USAGE = YES_ERROR;
				CLANG_WARN_DOCUMENTATION_COMMENTS = YES;
				CLANG_WARN_EMPTY_BODY = YES;
				CLANG_WARN_ENUM_CONVERSION = YES;
				CLANG_WARN_INFINITE_RECURSION = YES;
				CLANG_WARN_INT_CONVERSION = YES;
				CLANG_WARN_NON_LITERAL_NULL_CONVERSION = YES;
				CLANG_WARN_OBJC_IMPLICIT_RETAIN_SELF = YES;
				CLANG_WARN_OBJC_LITERAL_CONVERSION = YES;
				CLANG_WARN_OBJC_ROOT_CLASS = YES_ERROR;
				CLANG_WARN_QUOTED_INCLUDE_IN_FRAMEWORK_HEADER = YES;
				CLANG_WARN_RANGE_LOOP_ANALYSIS = YES;
				CLANG_WARN_STRICT_PROTOTYPES = YES;
				CLANG_WARN_SUSPICIOUS_MOVE = YES;
				CLANG_WARN_UNGUARDED_AVAILABILITY = YES_AGGRESSIVE;
				CLANG_WARN_UNREACHABLE_CODE = YES;
				CLANG_WARN__DUPLICATE_METHOD_MATCH = YES;
				COPY_PHASE_STRIP = NO;
				DEBUG_INFORMATION_FORMAT = dwarf;
				ENABLE_STRICT_OBJC_MSGSEND = YES;
				ENABLE_TESTABILITY = YES;
				ENABLE_USER_SCRIPT_SANDBOXING = YES;
				GCC_C_LANGUAGE_STANDARD = gnu17;
				GCC_DYNAMIC_NO_PIC = NO;
				GCC_NO_COMMON_BLOCKS = YES;
				GCC_OPTIMIZATION_LEVEL = 0;
				GCC_PREPROCESSOR_DEFINITIONS = (
					"DEBUG=1",
					"$(inherited)",
				);
				GCC_WARN_64_TO_32_BIT_CONVERSION = YES;
				GCC_WARN_ABOUT_RETURN_TYPE = YES_ERROR;
				GCC_WARN_UNDECLARED_SELECTOR = YES;
				GCC_WARN_UNINITIALIZED_AUTOS = YES_AGGRESSIVE;
				GCC_WARN_UNUSED_FUNCTION = YES;
				GCC_WARN_UNUSED_VARIABLE = YES;
				IPHONEOS_DEPLOYMENT_TARGET = 18.5;
				LOCALIZATION_PREFERS_STRING_CATALOGS = YES;
				MTL_ENABLE_DEBUG_INFO = INCLUDE_SOURCE;
				MTL_FAST_MATH = YES;
				ONLY_ACTIVE_ARCH = YES;
				SDKROOT = iphoneos;
				STRING_CATALOG_GENERATE_SYMBOLS = YES;
				SWIFT_ACTIVE_COMPILATION_CONDITIONS = "DEBUG $(inherited)";
				SWIFT_OPTIMIZATION_LEVEL = "-Onone";
			};
			name = Debug;
		};
		71861BC12E5E2EEB00F5F133 /* Release */ = {
			isa = XCBuildConfiguration;
			buildSettings = {
				ALWAYS_SEARCH_USER_PATHS = NO;
				ASSETCATALOG_COMPILER_GENERATE_SWIFT_ASSET_SYMBOL_EXTENSIONS = YES;
				CLANG_ANALYZER_NONNULL = YES;
				CLANG_ANALYZER_NUMBER_OBJECT_CONVERSION = YES_AGGRESSIVE;
				CLANG_CXX_LANGUAGE_STANDARD = "gnu++20";
				CLANG_ENABLE_MODULES = YES;
				CLANG_ENABLE_OBJC_ARC = YES;
				CLANG_ENABLE_OBJC_WEAK = YES;
				CLANG_WARN_BLOCK_CAPTURE_AUTORELEASING = YES;
				CLANG_WARN_BOOL_CONVERSION = YES;
				CLANG_WARN_COMMA = YES;
				CLANG_WARN_CONSTANT_CONVERSION = YES;
				CLANG_WARN_DEPRECATED_OBJC_IMPLEMENTATIONS = YES;
				CLANG_WARN_DIRECT_OBJC_ISA_USAGE = YES_ERROR;
				CLANG_WARN_DOCUMENTATION_COMMENTS = YES;
				CLANG_WARN_EMPTY_BODY = YES;
				CLANG_WARN_ENUM_CONVERSION = YES;
				CLANG_WARN_INFINITE_RECURSION = YES;
				CLANG_WARN_INT_CONVERSION = YES;
				CLANG_WARN_NON_LITERAL_NULL_CONVERSION = YES;
				CLANG_WARN_OBJC_IMPLICIT_RETAIN_SELF = YES;
				CLANG_WARN_OBJC_LITERAL_CONVERSION = YES;
				CLANG_WARN_OBJC_ROOT_CLASS = YES_ERROR;
				CLANG_WARN_QUOTED_INCLUDE_IN_FRAMEWORK_HEADER = YES;
				CLANG_WARN_RANGE_LOOP_ANALYSIS = YES;
				CLANG_WARN_STRICT_PROTOTYPES = YES;
				CLANG_WARN_SUSPICIOUS_MOVE = YES;
				CLANG_WARN_UNGUARDED_AVAILABILITY = YES_AGGRESSIVE;
				CLANG_WARN_UNREACHABLE_CODE = YES;
				CLANG_WARN__DUPLICATE_METHOD_MATCH = YES;
				COPY_PHASE_STRIP = NO;
				DEBUG_INFORMATION_FORMAT = "dwarf-with-dsym";
				ENABLE_NS_ASSERTIONS = NO;
				ENABLE_STRICT_OBJC_MSGSEND = YES;
				ENABLE_USER_SCRIPT_SANDBOXING = YES;
				GCC_C_LANGUAGE_STANDARD = gnu17;
				GCC_NO_COMMON_BLOCKS = YES;
				GCC_WARN_64_TO_32_BIT_CONVERSION = YES;
				GCC_WARN_ABOUT_RETURN_TYPE = YES_ERROR;
				GCC_WARN_UNDECLARED_SELECTOR = YES;
				GCC_WARN_UNINITIALIZED_AUTOS = YES_AGGRESSIVE;
				GCC_WARN_UNUSED_FUNCTION = YES;
				GCC_WARN_UNUSED_VARIABLE = YES;
				IPHONEOS_DEPLOYMENT_TARGET = 18.5;
				LOCALIZATION_PREFERS_STRING_CATALOGS = YES;
				MTL_ENABLE_DEBUG_INFO = NO;
				MTL_FAST_MATH = YES;
				SDKROOT = iphoneos;
				STRING_CATALOG_GENERATE_SYMBOLS = YES;
				SWIFT_COMPILATION_MODE = wholemodule;
				VALIDATE_PRODUCT = YES;
			};
			name = Release;
		};
		71861BC32E5E2EEB00F5F133 /* Debug */ = {
			isa = XCBuildConfiguration;
			buildSettings = {
				ASSETCATALOG_COMPILER_APPICON_NAME = AppIcon;
				ASSETCATALOG_COMPILER_GLOBAL_ACCENT_COLOR_NAME = AccentColor;
				CODE_SIGN_STYLE = Automatic;
				CURRENT_PROJECT_VERSION = 1;
				DEVELOPMENT_TEAM = JY22826US7;
				ENABLE_PREVIEWS = YES;
				GENERATE_INFOPLIST_FILE = YES;
				INFOPLIST_KEY_UIApplicationSceneManifest_Generation = YES;
				INFOPLIST_KEY_UIApplicationSupportsIndirectInputEvents = YES;
				INFOPLIST_KEY_UILaunchScreen_Generation = YES;
				INFOPLIST_KEY_UISupportedInterfaceOrientations_iPad = "UIInterfaceOrientationPortrait UIInterfaceOrientationPortraitUpsideDown UIInterfaceOrientationLandscapeLeft UIInterfaceOrientationLandscapeRight";
				INFOPLIST_KEY_UISupportedInterfaceOrientations_iPhone = "UIInterfaceOrientationPortrait UIInterfaceOrientationLandscapeLeft UIInterfaceOrientationLandscapeRight";
				IPHONEOS_DEPLOYMENT_TARGET = 26.0;
				LD_RUNPATH_SEARCH_PATHS = (
					"$(inherited)",
					"@executable_path/Frameworks",
				);
				MARKETING_VERSION = 1.0;
				PRODUCT_BUNDLE_IDENTIFIER = IAR.ReportsApp;
				PRODUCT_NAME = "$(TARGET_NAME)";
				SWIFT_EMIT_LOC_STRINGS = YES;
				SWIFT_VERSION = 5.0;
				TARGETED_DEVICE_FAMILY = "1,2";
			};
			name = Debug;
		};
		71861BC42E5E2EEB00F5F133 /* Release */ = {
			isa = XCBuildConfiguration;
			buildSettings = {
				ASSETCATALOG_COMPILER_APPICON_NAME = AppIcon;
				ASSETCATALOG_COMPILER_GLOBAL_ACCENT_COLOR_NAME = AccentColor;
				CODE_SIGN_STYLE = Automatic;
				CURRENT_PROJECT_VERSION = 1;
				DEVELOPMENT_TEAM = JY22826US7;
				ENABLE_PREVIEWS = YES;
				GENERATE_INFOPLIST_FILE = YES;
				INFOPLIST_KEY_UIApplicationSceneManifest_Generation = YES;
				INFOPLIST_KEY_UIApplicationSupportsIndirectInputEvents = YES;
				INFOPLIST_KEY_UILaunchScreen_Generation = YES;
				INFOPLIST_KEY_UISupportedInterfaceOrientations_iPad = "UIInterfaceOrientationPortrait UIInterfaceOrientationPortraitUpsideDown UIInterfaceOrientationLandscapeLeft UIInterfaceOrientationLandscapeRight";
				INFOPLIST_KEY_UISupportedInterfaceOrientations_iPhone = "UIInterfaceOrientationPortrait UIInterfaceOrientationLandscapeLeft UIInterfaceOrientationLandscapeRight";
				IPHONEOS_DEPLOYMENT_TARGET = 26.0;
				LD_RUNPATH_SEARCH_PATHS = (
					"$(inherited)",
					"@executable_path/Frameworks",
				);
				MARKETING_VERSION = 1.0;
				PRODUCT_BUNDLE_IDENTIFIER = IAR.ReportsApp;
				PRODUCT_NAME = "$(TARGET_NAME)";
				SWIFT_EMIT_LOC_STRINGS = YES;
				SWIFT_VERSION = 5.0;
				TARGETED_DEVICE_FAMILY = "1,2";
			};
			name = Release;
		};
		71861BC62E5E2EEB00F5F133 /* Debug */ = {
			isa = XCBuildConfiguration;
			buildSettings = {
				BUNDLE_LOADER = "$(TEST_HOST)";
				CODE_SIGN_STYLE = Automatic;
				CURRENT_PROJECT_VERSION = 1;
				GENERATE_INFOPLIST_FILE = YES;
				IPHONEOS_DEPLOYMENT_TARGET = 26.0;
				MARKETING_VERSION = 1.0;
				PRODUCT_BUNDLE_IDENTIFIER = IAR.ReportsAppTests;
				PRODUCT_NAME = "$(TARGET_NAME)";
				SWIFT_EMIT_LOC_STRINGS = NO;
				SWIFT_VERSION = 5.0;
				TARGETED_DEVICE_FAMILY = "1,2";
				TEST_HOST = "$(BUILT_PRODUCTS_DIR)/ReportsApp.app/$(BUNDLE_EXECUTABLE_FOLDER_PATH)/ReportsApp";
			};
			name = Debug;
		};
		71861BC72E5E2EEB00F5F133 /* Release */ = {
			isa = XCBuildConfiguration;
			buildSettings = {
				BUNDLE_LOADER = "$(TEST_HOST)";
				CODE_SIGN_STYLE = Automatic;
				CURRENT_PROJECT_VERSION = 1;
				GENERATE_INFOPLIST_FILE = YES;
				IPHONEOS_DEPLOYMENT_TARGET = 26.0;
				MARKETING_VERSION = 1.0;
				PRODUCT_BUNDLE_IDENTIFIER = IAR.ReportsAppTests;
				PRODUCT_NAME = "$(TARGET_NAME)";
				SWIFT_EMIT_LOC_STRINGS = NO;
				SWIFT_VERSION = 5.0;
				TARGETED_DEVICE_FAMILY = "1,2";
				TEST_HOST = "$(BUILT_PRODUCTS_DIR)/ReportsApp.app/$(BUNDLE_EXECUTABLE_FOLDER_PATH)/ReportsApp";
			};
			name = Release;
		};
		71861BC92E5E2EEB00F5F133 /* Debug */ = {
			isa = XCBuildConfiguration;
			buildSettings = {
				CODE_SIGN_STYLE = Automatic;
				CURRENT_PROJECT_VERSION = 1;
				GENERATE_INFOPLIST_FILE = YES;
				IPHONEOS_DEPLOYMENT_TARGET = 26.0;
				MARKETING_VERSION = 1.0;
				PRODUCT_BUNDLE_IDENTIFIER = IAR.ReportsAppUITests;
				PRODUCT_NAME = "$(TARGET_NAME)";
				SWIFT_EMIT_LOC_STRINGS = NO;
				SWIFT_VERSION = 5.0;
				TARGETED_DEVICE_FAMILY = "1,2";
				TEST_TARGET_NAME = ReportsApp;
			};
			name = Debug;
		};
		71861BCA2E5E2EEB00F5F133 /* Release */ = {
			isa = XCBuildConfiguration;
			buildSettings = {
				CODE_SIGN_STYLE = Automatic;
				CURRENT_PROJECT_VERSION = 1;
				GENERATE_INFOPLIST_FILE = YES;
				IPHONEOS_DEPLOYMENT_TARGET = 26.0;
				MARKETING_VERSION = 1.0;
				PRODUCT_BUNDLE_IDENTIFIER = IAR.ReportsAppUITests;
				PRODUCT_NAME = "$(TARGET_NAME)";
				SWIFT_EMIT_LOC_STRINGS = NO;
				SWIFT_VERSION = 5.0;
				TARGETED_DEVICE_FAMILY = "1,2";
				TEST_TARGET_NAME = ReportsApp;
			};
			name = Release;
		};
		71F09F482E5FE8E70086B5C3 /* Debug */ = {
			isa = XCBuildConfiguration;
			buildSettings = {
				ASSETCATALOG_COMPILER_APPICON_NAME = AppIcon;
				ASSETCATALOG_COMPILER_GLOBAL_ACCENT_COLOR_NAME = AccentColor;
				CODE_SIGN_STYLE = Automatic;
				CURRENT_PROJECT_VERSION = 1;
				DEVELOPMENT_TEAM = JY22826US7;
				ENABLE_PREVIEWS = YES;
				GENERATE_INFOPLIST_FILE = YES;
				INFOPLIST_KEY_CFBundleDisplayName = ReportsWatchApp;
				INFOPLIST_KEY_UISupportedInterfaceOrientations = "UIInterfaceOrientationPortrait UIInterfaceOrientationPortraitUpsideDown";
				INFOPLIST_KEY_WKCompanionAppBundleIdentifier = IAR.ReportsApp;
				LD_RUNPATH_SEARCH_PATHS = (
					"$(inherited)",
					"@executable_path/Frameworks",
				);
				MARKETING_VERSION = 1.0;
				PRODUCT_BUNDLE_IDENTIFIER = IAR.ReportsApp.watchkitapp;
				PRODUCT_NAME = "$(TARGET_NAME)";
				SDKROOT = watchos;
				SKIP_INSTALL = YES;
				SWIFT_EMIT_LOC_STRINGS = YES;
				SWIFT_VERSION = 5.0;
				TARGETED_DEVICE_FAMILY = 4;
				WATCHOS_DEPLOYMENT_TARGET = 26.0;
			};
			name = Debug;
		};
		71F09F492E5FE8E70086B5C3 /* Release */ = {
			isa = XCBuildConfiguration;
			buildSettings = {
				ASSETCATALOG_COMPILER_APPICON_NAME = AppIcon;
				ASSETCATALOG_COMPILER_GLOBAL_ACCENT_COLOR_NAME = AccentColor;
				CODE_SIGN_STYLE = Automatic;
				CURRENT_PROJECT_VERSION = 1;
				DEVELOPMENT_TEAM = JY22826US7;
				ENABLE_PREVIEWS = YES;
				GENERATE_INFOPLIST_FILE = YES;
				INFOPLIST_KEY_CFBundleDisplayName = ReportsWatchApp;
				INFOPLIST_KEY_UISupportedInterfaceOrientations = "UIInterfaceOrientationPortrait UIInterfaceOrientationPortraitUpsideDown";
				INFOPLIST_KEY_WKCompanionAppBundleIdentifier = IAR.ReportsApp;
				LD_RUNPATH_SEARCH_PATHS = (
					"$(inherited)",
					"@executable_path/Frameworks",
				);
				MARKETING_VERSION = 1.0;
				PRODUCT_BUNDLE_IDENTIFIER = IAR.ReportsApp.watchkitapp;
				PRODUCT_NAME = "$(TARGET_NAME)";
				SDKROOT = watchos;
				SKIP_INSTALL = YES;
				SWIFT_EMIT_LOC_STRINGS = YES;
				SWIFT_VERSION = 5.0;
				TARGETED_DEVICE_FAMILY = 4;
				WATCHOS_DEPLOYMENT_TARGET = 26.0;
			};
			name = Release;
		};
		71F09F4C2E5FE8E70086B5C3 /* Debug */ = {
			isa = XCBuildConfiguration;
			buildSettings = {
				BUNDLE_LOADER = "$(TEST_HOST)";
				CODE_SIGN_STYLE = Automatic;
				CURRENT_PROJECT_VERSION = 1;
				DEVELOPMENT_TEAM = JY22826US7;
				GENERATE_INFOPLIST_FILE = YES;
				MARKETING_VERSION = 1.0;
				PRODUCT_BUNDLE_IDENTIFIER = "IAR.ReportsWatchApp-Watch-AppTests";
				PRODUCT_NAME = "$(TARGET_NAME)";
				SDKROOT = watchos;
				SWIFT_EMIT_LOC_STRINGS = NO;
				SWIFT_VERSION = 5.0;
				TARGETED_DEVICE_FAMILY = 4;
				TEST_HOST = "$(BUILT_PRODUCTS_DIR)/ReportsWatchApp Watch App.app/$(BUNDLE_EXECUTABLE_FOLDER_PATH)/ReportsWatchApp Watch App";
				WATCHOS_DEPLOYMENT_TARGET = 26.0;
			};
			name = Debug;
		};
		71F09F4D2E5FE8E70086B5C3 /* Release */ = {
			isa = XCBuildConfiguration;
			buildSettings = {
				BUNDLE_LOADER = "$(TEST_HOST)";
				CODE_SIGN_STYLE = Automatic;
				CURRENT_PROJECT_VERSION = 1;
				DEVELOPMENT_TEAM = JY22826US7;
				GENERATE_INFOPLIST_FILE = YES;
				MARKETING_VERSION = 1.0;
				PRODUCT_BUNDLE_IDENTIFIER = "IAR.ReportsWatchApp-Watch-AppTests";
				PRODUCT_NAME = "$(TARGET_NAME)";
				SDKROOT = watchos;
				SWIFT_EMIT_LOC_STRINGS = NO;
				SWIFT_VERSION = 5.0;
				TARGETED_DEVICE_FAMILY = 4;
				TEST_HOST = "$(BUILT_PRODUCTS_DIR)/ReportsWatchApp Watch App.app/$(BUNDLE_EXECUTABLE_FOLDER_PATH)/ReportsWatchApp Watch App";
				WATCHOS_DEPLOYMENT_TARGET = 26.0;
			};
			name = Release;
		};
		71F09F4F2E5FE8E70086B5C3 /* Debug */ = {
			isa = XCBuildConfiguration;
			buildSettings = {
				CODE_SIGN_STYLE = Automatic;
				CURRENT_PROJECT_VERSION = 1;
				DEVELOPMENT_TEAM = JY22826US7;
				GENERATE_INFOPLIST_FILE = YES;
				MARKETING_VERSION = 1.0;
				PRODUCT_BUNDLE_IDENTIFIER = "IAR.ReportsWatchApp-Watch-AppUITests";
				PRODUCT_NAME = "$(TARGET_NAME)";
				SDKROOT = watchos;
				SWIFT_EMIT_LOC_STRINGS = NO;
				SWIFT_VERSION = 5.0;
				TARGETED_DEVICE_FAMILY = 4;
				TEST_TARGET_NAME = "ReportsWatchApp Watch App";
				WATCHOS_DEPLOYMENT_TARGET = 26.0;
			};
			name = Debug;
		};
		71F09F502E5FE8E70086B5C3 /* Release */ = {
			isa = XCBuildConfiguration;
			buildSettings = {
				CODE_SIGN_STYLE = Automatic;
				CURRENT_PROJECT_VERSION = 1;
				DEVELOPMENT_TEAM = JY22826US7;
				GENERATE_INFOPLIST_FILE = YES;
				MARKETING_VERSION = 1.0;
				PRODUCT_BUNDLE_IDENTIFIER = "IAR.ReportsWatchApp-Watch-AppUITests";
				PRODUCT_NAME = "$(TARGET_NAME)";
				SDKROOT = watchos;
				SWIFT_EMIT_LOC_STRINGS = NO;
				SWIFT_VERSION = 5.0;
				TARGETED_DEVICE_FAMILY = 4;
				TEST_TARGET_NAME = "ReportsWatchApp Watch App";
				WATCHOS_DEPLOYMENT_TARGET = 26.0;
			};
			name = Release;
		};
/* End XCBuildConfiguration section */

/* Begin XCConfigurationList section */
		71861B9C2E5E2EEA00F5F133 /* Build configuration list for PBXProject "ReportsApp" */ = {
			isa = XCConfigurationList;
			buildConfigurations = (
				71861BC02E5E2EEB00F5F133 /* Debug */,
				71861BC12E5E2EEB00F5F133 /* Release */,
			);
			defaultConfigurationIsVisible = 0;
			defaultConfigurationName = Release;
		};
		71861BC22E5E2EEB00F5F133 /* Build configuration list for PBXNativeTarget "ReportsApp" */ = {
			isa = XCConfigurationList;
			buildConfigurations = (
				71861BC32E5E2EEB00F5F133 /* Debug */,
				71861BC42E5E2EEB00F5F133 /* Release */,
			);
			defaultConfigurationIsVisible = 0;
			defaultConfigurationName = Release;
		};
		71861BC52E5E2EEB00F5F133 /* Build configuration list for PBXNativeTarget "ReportsAppTests" */ = {
			isa = XCConfigurationList;
			buildConfigurations = (
				71861BC62E5E2EEB00F5F133 /* Debug */,
				71861BC72E5E2EEB00F5F133 /* Release */,
			);
			defaultConfigurationIsVisible = 0;
			defaultConfigurationName = Release;
		};
		71861BC82E5E2EEB00F5F133 /* Build configuration list for PBXNativeTarget "ReportsAppUITests" */ = {
			isa = XCConfigurationList;
			buildConfigurations = (
				71861BC92E5E2EEB00F5F133 /* Debug */,
				71861BCA2E5E2EEB00F5F133 /* Release */,
			);
			defaultConfigurationIsVisible = 0;
			defaultConfigurationName = Release;
		};
		71F09F472E5FE8E70086B5C3 /* Build configuration list for PBXNativeTarget "ReportsWatchApp Watch App" */ = {
			isa = XCConfigurationList;
			buildConfigurations = (
				71F09F482E5FE8E70086B5C3 /* Debug */,
				71F09F492E5FE8E70086B5C3 /* Release */,
			);
			defaultConfigurationIsVisible = 0;
			defaultConfigurationName = Release;
		};
		71F09F4B2E5FE8E70086B5C3 /* Build configuration list for PBXNativeTarget "ReportsWatchApp Watch AppTests" */ = {
			isa = XCConfigurationList;
			buildConfigurations = (
				71F09F4C2E5FE8E70086B5C3 /* Debug */,
				71F09F4D2E5FE8E70086B5C3 /* Release */,
			);
			defaultConfigurationIsVisible = 0;
			defaultConfigurationName = Release;
		};
		71F09F4E2E5FE8E70086B5C3 /* Build configuration list for PBXNativeTarget "ReportsWatchApp Watch AppUITests" */ = {
			isa = XCConfigurationList;
			buildConfigurations = (
				71F09F4F2E5FE8E70086B5C3 /* Debug */,
				71F09F502E5FE8E70086B5C3 /* Release */,
			);
			defaultConfigurationIsVisible = 0;
			defaultConfigurationName = Release;
		};
/* End XCConfigurationList section */
	};
	rootObject = 71861B992E5E2EEA00F5F133 /* Project object */;
}
